
Microsoft Visual Studio Solution File, Format Version 12.00
# Visual Studio 15
VisualStudioVersion = 15.0.27428.2005
MinimumVisualStudioVersion = 10.0.40219.1
Project("{FAE04EC0-301F-11D3-BF4B-00C04F79EFBC}") = "ListViews.Android", "ListViews\ListViews.Android\ListViews.Android.csproj", "{0B21F1D7-A607-40F1-BCFF-C1158BB852BC}"
EndProject
Project("{FAE04EC0-301F-11D3-BF4B-00C04F79EFBC}") = "ListViews.iOS", "ListViews\ListViews.iOS\ListViews.iOS.csproj", "{E7AB50EC-E2B5-4F76-929B-3827692F1355}"
EndProject
Project("{FAE04EC0-301F-11D3-BF4B-00C04F79EFBC}") = "ListViews.UWP", "ListViews\ListViews.UWP\ListViews.UWP.csproj", "{CACC5AD0-9E5C-4962-B919-3943E7FC40FB}"
EndProject
Project("{FAE04EC0-301F-11D3-BF4B-00C04F79EFBC}") = "ListViews", "ListViews\ListViews\ListViews.csproj", "{ECCA76B6-8D5C-4CE9-B3C8-5F8050DF2883}"
EndProject
Global
	GlobalSection(SolutionConfigurationPlatforms) = preSolution
		Ad-Hoc|Any CPU = Ad-Hoc|Any CPU
		Ad-Hoc|ARM = Ad-Hoc|ARM
		Ad-Hoc|iPhone = Ad-Hoc|iPhone
		Ad-Hoc|iPhoneSimulator = Ad-Hoc|iPhoneSimulator
		Ad-Hoc|x64 = Ad-Hoc|x64
		Ad-Hoc|x86 = Ad-Hoc|x86
		AppStore|Any CPU = AppStore|Any CPU
		AppStore|ARM = AppStore|ARM
		AppStore|iPhone = AppStore|iPhone
		AppStore|iPhoneSimulator = AppStore|iPhoneSimulator
		AppStore|x64 = AppStore|x64
		AppStore|x86 = AppStore|x86
		Debug|Any CPU = Debug|Any CPU
		Debug|ARM = Debug|ARM
		Debug|iPhone = Debug|iPhone
		Debug|iPhoneSimulator = Debug|iPhoneSimulator
		Debug|x64 = Debug|x64
		Debug|x86 = Debug|x86
		Release|Any CPU = Release|Any CPU
		Release|ARM = Release|ARM
		Release|iPhone = Release|iPhone
		Release|iPhoneSimulator = Release|iPhoneSimulator
		Release|x64 = Release|x64
		Release|x86 = Release|x86
	EndGlobalSection
	GlobalSection(ProjectConfigurationPlatforms) = postSolution
		{0B21F1D7-A607-40F1-BCFF-C1158BB852BC}.Ad-Hoc|Any CPU.ActiveCfg = Release|Any CPU
		{0B21F1D7-A607-40F1-BCFF-C1158BB852BC}.Ad-Hoc|Any CPU.Build.0 = Release|Any CPU
		{0B21F1D7-A607-40F1-BCFF-C1158BB852BC}.Ad-Hoc|Any CPU.Deploy.0 = Release|Any CPU
		{0B21F1D7-A607-40F1-BCFF-C1158BB852BC}.Ad-Hoc|ARM.ActiveCfg = Release|Any CPU
		{0B21F1D7-A607-40F1-BCFF-C1158BB852BC}.Ad-Hoc|ARM.Build.0 = Release|Any CPU
		{0B21F1D7-A607-40F1-BCFF-C1158BB852BC}.Ad-Hoc|ARM.Deploy.0 = Release|Any CPU
		{0B21F1D7-A607-40F1-BCFF-C1158BB852BC}.Ad-Hoc|iPhone.ActiveCfg = Release|Any CPU
		{0B21F1D7-A607-40F1-BCFF-C1158BB852BC}.Ad-Hoc|iPhone.Build.0 = Release|Any CPU
		{0B21F1D7-A607-40F1-BCFF-C1158BB852BC}.Ad-Hoc|iPhone.Deploy.0 = Release|Any CPU
		{0B21F1D7-A607-40F1-BCFF-C1158BB852BC}.Ad-Hoc|iPhoneSimulator.ActiveCfg = Release|Any CPU
		{0B21F1D7-A607-40F1-BCFF-C1158BB852BC}.Ad-Hoc|iPhoneSimulator.Build.0 = Release|Any CPU
		{0B21F1D7-A607-40F1-BCFF-C1158BB852BC}.Ad-Hoc|iPhoneSimulator.Deploy.0 = Release|Any CPU
		{0B21F1D7-A607-40F1-BCFF-C1158BB852BC}.Ad-Hoc|x64.ActiveCfg = Release|Any CPU
		{0B21F1D7-A607-40F1-BCFF-C1158BB852BC}.Ad-Hoc|x64.Build.0 = Release|Any CPU
		{0B21F1D7-A607-40F1-BCFF-C1158BB852BC}.Ad-Hoc|x64.Deploy.0 = Release|Any CPU
		{0B21F1D7-A607-40F1-BCFF-C1158BB852BC}.Ad-Hoc|x86.ActiveCfg = Release|Any CPU
		{0B21F1D7-A607-40F1-BCFF-C1158BB852BC}.Ad-Hoc|x86.Build.0 = Release|Any CPU
		{0B21F1D7-A607-40F1-BCFF-C1158BB852BC}.Ad-Hoc|x86.Deploy.0 = Release|Any CPU
		{0B21F1D7-A607-40F1-BCFF-C1158BB852BC}.AppStore|Any CPU.ActiveCfg = Release|Any CPU
		{0B21F1D7-A607-40F1-BCFF-C1158BB852BC}.AppStore|Any CPU.Build.0 = Release|Any CPU
		{0B21F1D7-A607-40F1-BCFF-C1158BB852BC}.AppStore|Any CPU.Deploy.0 = Release|Any CPU
		{0B21F1D7-A607-40F1-BCFF-C1158BB852BC}.AppStore|ARM.ActiveCfg = Release|Any CPU
		{0B21F1D7-A607-40F1-BCFF-C1158BB852BC}.AppStore|ARM.Build.0 = Release|Any CPU
		{0B21F1D7-A607-40F1-BCFF-C1158BB852BC}.AppStore|ARM.Deploy.0 = Release|Any CPU
		{0B21F1D7-A607-40F1-BCFF-C1158BB852BC}.AppStore|iPhone.ActiveCfg = Release|Any CPU
		{0B21F1D7-A607-40F1-BCFF-C1158BB852BC}.AppStore|iPhone.Build.0 = Release|Any CPU
		{0B21F1D7-A607-40F1-BCFF-C1158BB852BC}.AppStore|iPhone.Deploy.0 = Release|Any CPU
		{0B21F1D7-A607-40F1-BCFF-C1158BB852BC}.AppStore|iPhoneSimulator.ActiveCfg = Release|Any CPU
		{0B21F1D7-A607-40F1-BCFF-C1158BB852BC}.AppStore|iPhoneSimulator.Build.0 = Release|Any CPU
		{0B21F1D7-A607-40F1-BCFF-C1158BB852BC}.AppStore|iPhoneSimulator.Deploy.0 = Release|Any CPU
		{0B21F1D7-A607-40F1-BCFF-C1158BB852BC}.AppStore|x64.ActiveCfg = Release|Any CPU
		{0B21F1D7-A607-40F1-BCFF-C1158BB852BC}.AppStore|x64.Build.0 = Release|Any CPU
		{0B21F1D7-A607-40F1-BCFF-C1158BB852BC}.AppStore|x64.Deploy.0 = Release|Any CPU
		{0B21F1D7-A607-40F1-BCFF-C1158BB852BC}.AppStore|x86.ActiveCfg = Release|Any CPU
		{0B21F1D7-A607-40F1-BCFF-C1158BB852BC}.AppStore|x86.Build.0 = Release|Any CPU
		{0B21F1D7-A607-40F1-BCFF-C1158BB852BC}.AppStore|x86.Deploy.0 = Release|Any CPU
		{0B21F1D7-A607-40F1-BCFF-C1158BB852BC}.Debug|Any CPU.ActiveCfg = Debug|Any CPU
		{0B21F1D7-A607-40F1-BCFF-C1158BB852BC}.Debug|Any CPU.Build.0 = Debug|Any CPU
		{0B21F1D7-A607-40F1-BCFF-C1158BB852BC}.Debug|Any CPU.Deploy.0 = Debug|Any CPU
		{0B21F1D7-A607-40F1-BCFF-C1158BB852BC}.Debug|ARM.ActiveCfg = Debug|Any CPU
		{0B21F1D7-A607-40F1-BCFF-C1158BB852BC}.Debug|ARM.Build.0 = Debug|Any CPU
		{0B21F1D7-A607-40F1-BCFF-C1158BB852BC}.Debug|ARM.Deploy.0 = Debug|Any CPU
		{0B21F1D7-A607-40F1-BCFF-C1158BB852BC}.Debug|iPhone.ActiveCfg = Debug|Any CPU
		{0B21F1D7-A607-40F1-BCFF-C1158BB852BC}.Debug|iPhone.Build.0 = Debug|Any CPU
		{0B21F1D7-A607-40F1-BCFF-C1158BB852BC}.Debug|iPhone.Deploy.0 = Debug|Any CPU
		{0B21F1D7-A607-40F1-BCFF-C1158BB852BC}.Debug|iPhoneSimulator.ActiveCfg = Debug|Any CPU
		{0B21F1D7-A607-40F1-BCFF-C1158BB852BC}.Debug|iPhoneSimulator.Build.0 = Debug|Any CPU
		{0B21F1D7-A607-40F1-BCFF-C1158BB852BC}.Debug|iPhoneSimulator.Deploy.0 = Debug|Any CPU
		{0B21F1D7-A607-40F1-BCFF-C1158BB852BC}.Debug|x64.ActiveCfg = Debug|Any CPU
		{0B21F1D7-A607-40F1-BCFF-C1158BB852BC}.Debug|x64.Build.0 = Debug|Any CPU
		{0B21F1D7-A607-40F1-BCFF-C1158BB852BC}.Debug|x64.Deploy.0 = Debug|Any CPU
		{0B21F1D7-A607-40F1-BCFF-C1158BB852BC}.Debug|x86.ActiveCfg = Debug|Any CPU
		{0B21F1D7-A607-40F1-BCFF-C1158BB852BC}.Debug|x86.Build.0 = Debug|Any CPU
		{0B21F1D7-A607-40F1-BCFF-C1158BB852BC}.Debug|x86.Deploy.0 = Debug|Any CPU
		{0B21F1D7-A607-40F1-BCFF-C1158BB852BC}.Release|Any CPU.ActiveCfg = Release|Any CPU
		{0B21F1D7-A607-40F1-BCFF-C1158BB852BC}.Release|Any CPU.Build.0 = Release|Any CPU
		{0B21F1D7-A607-40F1-BCFF-C1158BB852BC}.Release|Any CPU.Deploy.0 = Release|Any CPU
		{0B21F1D7-A607-40F1-BCFF-C1158BB852BC}.Release|ARM.ActiveCfg = Release|Any CPU
		{0B21F1D7-A607-40F1-BCFF-C1158BB852BC}.Release|ARM.Build.0 = Release|Any CPU
		{0B21F1D7-A607-40F1-BCFF-C1158BB852BC}.Release|ARM.Deploy.0 = Release|Any CPU
		{0B21F1D7-A607-40F1-BCFF-C1158BB852BC}.Release|iPhone.ActiveCfg = Release|Any CPU
		{0B21F1D7-A607-40F1-BCFF-C1158BB852BC}.Release|iPhone.Build.0 = Release|Any CPU
		{0B21F1D7-A607-40F1-BCFF-C1158BB852BC}.Release|iPhone.Deploy.0 = Release|Any CPU
		{0B21F1D7-A607-40F1-BCFF-C1158BB852BC}.Release|iPhoneSimulator.ActiveCfg = Release|Any CPU
		{0B21F1D7-A607-40F1-BCFF-C1158BB852BC}.Release|iPhoneSimulator.Build.0 = Release|Any CPU
		{0B21F1D7-A607-40F1-BCFF-C1158BB852BC}.Release|iPhoneSimulator.Deploy.0 = Release|Any CPU
		{0B21F1D7-A607-40F1-BCFF-C1158BB852BC}.Release|x64.ActiveCfg = Release|Any CPU
		{0B21F1D7-A607-40F1-BCFF-C1158BB852BC}.Release|x64.Build.0 = Release|Any CPU
		{0B21F1D7-A607-40F1-BCFF-C1158BB852BC}.Release|x64.Deploy.0 = Release|Any CPU
		{0B21F1D7-A607-40F1-BCFF-C1158BB852BC}.Release|x86.ActiveCfg = Release|Any CPU
		{0B21F1D7-A607-40F1-BCFF-C1158BB852BC}.Release|x86.Build.0 = Release|Any CPU
		{0B21F1D7-A607-40F1-BCFF-C1158BB852BC}.Release|x86.Deploy.0 = Release|Any CPU
		{E7AB50EC-E2B5-4F76-929B-3827692F1355}.Ad-Hoc|Any CPU.ActiveCfg = Ad-Hoc|iPhone
		{E7AB50EC-E2B5-4F76-929B-3827692F1355}.Ad-Hoc|ARM.ActiveCfg = Ad-Hoc|iPhone
		{E7AB50EC-E2B5-4F76-929B-3827692F1355}.Ad-Hoc|iPhone.ActiveCfg = Ad-Hoc|iPhone
		{E7AB50EC-E2B5-4F76-929B-3827692F1355}.Ad-Hoc|iPhone.Build.0 = Ad-Hoc|iPhone
		{E7AB50EC-E2B5-4F76-929B-3827692F1355}.Ad-Hoc|iPhoneSimulator.ActiveCfg = Ad-Hoc|iPhoneSimulator
		{E7AB50EC-E2B5-4F76-929B-3827692F1355}.Ad-Hoc|iPhoneSimulator.Build.0 = Ad-Hoc|iPhoneSimulator
		{E7AB50EC-E2B5-4F76-929B-3827692F1355}.Ad-Hoc|x64.ActiveCfg = Ad-Hoc|iPhone
		{E7AB50EC-E2B5-4F76-929B-3827692F1355}.Ad-Hoc|x86.ActiveCfg = Ad-Hoc|iPhone
		{E7AB50EC-E2B5-4F76-929B-3827692F1355}.AppStore|Any CPU.ActiveCfg = AppStore|iPhone
		{E7AB50EC-E2B5-4F76-929B-3827692F1355}.AppStore|ARM.ActiveCfg = AppStore|iPhone
		{E7AB50EC-E2B5-4F76-929B-3827692F1355}.AppStore|iPhone.ActiveCfg = AppStore|iPhone
		{E7AB50EC-E2B5-4F76-929B-3827692F1355}.AppStore|iPhone.Build.0 = AppStore|iPhone
		{E7AB50EC-E2B5-4F76-929B-3827692F1355}.AppStore|iPhoneSimulator.ActiveCfg = AppStore|iPhoneSimulator
		{E7AB50EC-E2B5-4F76-929B-3827692F1355}.AppStore|iPhoneSimulator.Build.0 = AppStore|iPhoneSimulator
		{E7AB50EC-E2B5-4F76-929B-3827692F1355}.AppStore|x64.ActiveCfg = AppStore|iPhone
		{E7AB50EC-E2B5-4F76-929B-3827692F1355}.AppStore|x86.ActiveCfg = AppStore|iPhone
		{E7AB50EC-E2B5-4F76-929B-3827692F1355}.Debug|Any CPU.ActiveCfg = Debug|iPhone
		{E7AB50EC-E2B5-4F76-929B-3827692F1355}.Debug|ARM.ActiveCfg = Debug|iPhone
		{E7AB50EC-E2B5-4F76-929B-3827692F1355}.Debug|iPhone.ActiveCfg = Debug|iPhone
		{E7AB50EC-E2B5-4F76-929B-3827692F1355}.Debug|iPhone.Build.0 = Debug|iPhone
		{E7AB50EC-E2B5-4F76-929B-3827692F1355}.Debug|iPhoneSimulator.ActiveCfg = Debug|iPhoneSimulator
		{E7AB50EC-E2B5-4F76-929B-3827692F1355}.Debug|iPhoneSimulator.Build.0 = Debug|iPhoneSimulator
		{E7AB50EC-E2B5-4F76-929B-3827692F1355}.Debug|x64.ActiveCfg = Debug|iPhone
		{E7AB50EC-E2B5-4F76-929B-3827692F1355}.Debug|x86.ActiveCfg = Debug|iPhone
		{E7AB50EC-E2B5-4F76-929B-3827692F1355}.Release|Any CPU.ActiveCfg = Release|iPhone
		{E7AB50EC-E2B5-4F76-929B-3827692F1355}.Release|ARM.ActiveCfg = Release|iPhone
		{E7AB50EC-E2B5-4F76-929B-3827692F1355}.Release|iPhone.ActiveCfg = Release|iPhone
		{E7AB50EC-E2B5-4F76-929B-3827692F1355}.Release|iPhone.Build.0 = Release|iPhone
		{E7AB50EC-E2B5-4F76-929B-3827692F1355}.Release|iPhoneSimulator.ActiveCfg = Release|iPhoneSimulator
		{E7AB50EC-E2B5-4F76-929B-3827692F1355}.Release|iPhoneSimulator.Build.0 = Release|iPhoneSimulator
		{E7AB50EC-E2B5-4F76-929B-3827692F1355}.Release|x64.ActiveCfg = Release|iPhone
		{E7AB50EC-E2B5-4F76-929B-3827692F1355}.Release|x86.ActiveCfg = Release|iPhone
		{CACC5AD0-9E5C-4962-B919-3943E7FC40FB}.Ad-Hoc|Any CPU.ActiveCfg = Release|x86
		{CACC5AD0-9E5C-4962-B919-3943E7FC40FB}.Ad-Hoc|Any CPU.Build.0 = Release|x86
		{CACC5AD0-9E5C-4962-B919-3943E7FC40FB}.Ad-Hoc|Any CPU.Deploy.0 = Release|x86
		{CACC5AD0-9E5C-4962-B919-3943E7FC40FB}.Ad-Hoc|ARM.ActiveCfg = Release|ARM
		{CACC5AD0-9E5C-4962-B919-3943E7FC40FB}.Ad-Hoc|ARM.Build.0 = Release|ARM
		{CACC5AD0-9E5C-4962-B919-3943E7FC40FB}.Ad-Hoc|ARM.Deploy.0 = Release|ARM
		{CACC5AD0-9E5C-4962-B919-3943E7FC40FB}.Ad-Hoc|iPhone.ActiveCfg = Release|x86
		{CACC5AD0-9E5C-4962-B919-3943E7FC40FB}.Ad-Hoc|iPhone.Build.0 = Release|x86
		{CACC5AD0-9E5C-4962-B919-3943E7FC40FB}.Ad-Hoc|iPhone.Deploy.0 = Release|x86
		{CACC5AD0-9E5C-4962-B919-3943E7FC40FB}.Ad-Hoc|iPhoneSimulator.ActiveCfg = Release|x86
		{CACC5AD0-9E5C-4962-B919-3943E7FC40FB}.Ad-Hoc|iPhoneSimulator.Build.0 = Release|x86
		{CACC5AD0-9E5C-4962-B919-3943E7FC40FB}.Ad-Hoc|iPhoneSimulator.Deploy.0 = Release|x86
		{CACC5AD0-9E5C-4962-B919-3943E7FC40FB}.Ad-Hoc|x64.ActiveCfg = Release|x64
		{CACC5AD0-9E5C-4962-B919-3943E7FC40FB}.Ad-Hoc|x64.Build.0 = Release|x64
		{CACC5AD0-9E5C-4962-B919-3943E7FC40FB}.Ad-Hoc|x64.Deploy.0 = Release|x64
		{CACC5AD0-9E5C-4962-B919-3943E7FC40FB}.Ad-Hoc|x86.ActiveCfg = Release|x86
		{CACC5AD0-9E5C-4962-B919-3943E7FC40FB}.Ad-Hoc|x86.Build.0 = Release|x86
		{CACC5AD0-9E5C-4962-B919-3943E7FC40FB}.Ad-Hoc|x86.Deploy.0 = Release|x86
		{CACC5AD0-9E5C-4962-B919-3943E7FC40FB}.AppStore|Any CPU.ActiveCfg = Release|x86
		{CACC5AD0-9E5C-4962-B919-3943E7FC40FB}.AppStore|Any CPU.Build.0 = Release|x86
		{CACC5AD0-9E5C-4962-B919-3943E7FC40FB}.AppStore|Any CPU.Deploy.0 = Release|x86
		{CACC5AD0-9E5C-4962-B919-3943E7FC40FB}.AppStore|ARM.ActiveCfg = Release|ARM
		{CACC5AD0-9E5C-4962-B919-3943E7FC40FB}.AppStore|ARM.Build.0 = Release|ARM
		{CACC5AD0-9E5C-4962-B919-3943E7FC40FB}.AppStore|ARM.Deploy.0 = Release|ARM
		{CACC5AD0-9E5C-4962-B919-3943E7FC40FB}.AppStore|iPhone.ActiveCfg = Release|x86
		{CACC5AD0-9E5C-4962-B919-3943E7FC40FB}.AppStore|iPhone.Build.0 = Release|x86
		{CACC5AD0-9E5C-4962-B919-3943E7FC40FB}.AppStore|iPhone.Deploy.0 = Release|x86
		{CACC5AD0-9E5C-4962-B919-3943E7FC40FB}.AppStore|iPhoneSimulator.ActiveCfg = Release|x86
		{CACC5AD0-9E5C-4962-B919-3943E7FC40FB}.AppStore|iPhoneSimulator.Build.0 = Release|x86
		{CACC5AD0-9E5C-4962-B919-3943E7FC40FB}.AppStore|iPhoneSimulator.Deploy.0 = Release|x86
		{CACC5AD0-9E5C-4962-B919-3943E7FC40FB}.AppStore|x64.ActiveCfg = Release|x64
		{CACC5AD0-9E5C-4962-B919-3943E7FC40FB}.AppStore|x64.Build.0 = Release|x64
		{CACC5AD0-9E5C-4962-B919-3943E7FC40FB}.AppStore|x64.Deploy.0 = Release|x64
		{CACC5AD0-9E5C-4962-B919-3943E7FC40FB}.AppStore|x86.ActiveCfg = Release|x86
		{CACC5AD0-9E5C-4962-B919-3943E7FC40FB}.AppStore|x86.Build.0 = Release|x86
		{CACC5AD0-9E5C-4962-B919-3943E7FC40FB}.AppStore|x86.Deploy.0 = Release|x86
		{CACC5AD0-9E5C-4962-B919-3943E7FC40FB}.Debug|Any CPU.ActiveCfg = Debug|x86
		{CACC5AD0-9E5C-4962-B919-3943E7FC40FB}.Debug|ARM.ActiveCfg = Debug|ARM
		{CACC5AD0-9E5C-4962-B919-3943E7FC40FB}.Debug|ARM.Build.0 = Debug|ARM
		{CACC5AD0-9E5C-4962-B919-3943E7FC40FB}.Debug|ARM.Deploy.0 = Debug|ARM
		{CACC5AD0-9E5C-4962-B919-3943E7FC40FB}.Debug|iPhone.ActiveCfg = Debug|x86
		{CACC5AD0-9E5C-4962-B919-3943E7FC40FB}.Debug|iPhoneSimulator.ActiveCfg = Debug|x86
		{CACC5AD0-9E5C-4962-B919-3943E7FC40FB}.Debug|x64.ActiveCfg = Debug|x64
		{CACC5AD0-9E5C-4962-B919-3943E7FC40FB}.Debug|x64.Build.0 = Debug|x64
		{CACC5AD0-9E5C-4962-B919-3943E7FC40FB}.Debug|x64.Deploy.0 = Debug|x64
		{CACC5AD0-9E5C-4962-B919-3943E7FC40FB}.Debug|x86.ActiveCfg = Debug|x86
		{CACC5AD0-9E5C-4962-B919-3943E7FC40FB}.Debug|x86.Build.0 = Debug|x86
		{CACC5AD0-9E5C-4962-B919-3943E7FC40FB}.Debug|x86.Deploy.0 = Debug|x86
		{CACC5AD0-9E5C-4962-B919-3943E7FC40FB}.Release|Any CPU.ActiveCfg = Release|x86
		{CACC5AD0-9E5C-4962-B919-3943E7FC40FB}.Release|ARM.ActiveCfg = Release|ARM
		{CACC5AD0-9E5C-4962-B919-3943E7FC40FB}.Release|ARM.Build.0 = Release|ARM
		{CACC5AD0-9E5C-4962-B919-3943E7FC40FB}.Release|ARM.Deploy.0 = Release|ARM
		{CACC5AD0-9E5C-4962-B919-3943E7FC40FB}.Release|iPhone.ActiveCfg = Release|x86
		{CACC5AD0-9E5C-4962-B919-3943E7FC40FB}.Release|iPhoneSimulator.ActiveCfg = Release|x86
		{CACC5AD0-9E5C-4962-B919-3943E7FC40FB}.Release|x64.ActiveCfg = Release|x64
		{CACC5AD0-9E5C-4962-B919-3943E7FC40FB}.Release|x64.Build.0 = Release|x64
		{CACC5AD0-9E5C-4962-B919-3943E7FC40FB}.Release|x64.Deploy.0 = Release|x64
		{CACC5AD0-9E5C-4962-B919-3943E7FC40FB}.Release|x86.ActiveCfg = Release|x86
		{CACC5AD0-9E5C-4962-B919-3943E7FC40FB}.Release|x86.Build.0 = Release|x86
		{CACC5AD0-9E5C-4962-B919-3943E7FC40FB}.Release|x86.Deploy.0 = Release|x86
		{ECCA76B6-8D5C-4CE9-B3C8-5F8050DF2883}.Ad-Hoc|Any CPU.ActiveCfg = Debug|Any CPU
		{ECCA76B6-8D5C-4CE9-B3C8-5F8050DF2883}.Ad-Hoc|Any CPU.Build.0 = Debug|Any CPU
		{ECCA76B6-8D5C-4CE9-B3C8-5F8050DF2883}.Ad-Hoc|ARM.ActiveCfg = Debug|Any CPU
		{ECCA76B6-8D5C-4CE9-B3C8-5F8050DF2883}.Ad-Hoc|ARM.Build.0 = Debug|Any CPU
		{ECCA76B6-8D5C-4CE9-B3C8-5F8050DF2883}.Ad-Hoc|iPhone.ActiveCfg = Debug|Any CPU
		{ECCA76B6-8D5C-4CE9-B3C8-5F8050DF2883}.Ad-Hoc|iPhone.Build.0 = Debug|Any CPU
		{ECCA76B6-8D5C-4CE9-B3C8-5F8050DF2883}.Ad-Hoc|iPhoneSimulator.ActiveCfg = Debug|Any CPU
		{ECCA76B6-8D5C-4CE9-B3C8-5F8050DF2883}.Ad-Hoc|iPhoneSimulator.Build.0 = Debug|Any CPU
		{ECCA76B6-8D5C-4CE9-B3C8-5F8050DF2883}.Ad-Hoc|x64.ActiveCfg = Debug|Any CPU
		{ECCA76B6-8D5C-4CE9-B3C8-5F8050DF2883}.Ad-Hoc|x64.Build.0 = Debug|Any CPU
		{ECCA76B6-8D5C-4CE9-B3C8-5F8050DF2883}.Ad-Hoc|x86.ActiveCfg = Debug|Any CPU
		{ECCA76B6-8D5C-4CE9-B3C8-5F8050DF2883}.Ad-Hoc|x86.Build.0 = Debug|Any CPU
		{ECCA76B6-8D5C-4CE9-B3C8-5F8050DF2883}.AppStore|Any CPU.ActiveCfg = Debug|Any CPU
		{ECCA76B6-8D5C-4CE9-B3C8-5F8050DF2883}.AppStore|Any CPU.Build.0 = Debug|Any CPU
		{ECCA76B6-8D5C-4CE9-B3C8-5F8050DF2883}.AppStore|ARM.ActiveCfg = Debug|Any CPU
		{ECCA76B6-8D5C-4CE9-B3C8-5F8050DF2883}.AppStore|ARM.Build.0 = Debug|Any CPU
		{ECCA76B6-8D5C-4CE9-B3C8-5F8050DF2883}.AppStore|iPhone.ActiveCfg = Debug|Any CPU
		{ECCA76B6-8D5C-4CE9-B3C8-5F8050DF2883}.AppStore|iPhone.Build.0 = Debug|Any CPU
		{ECCA76B6-8D5C-4CE9-B3C8-5F8050DF2883}.AppStore|iPhoneSimulator.ActiveCfg = Debug|Any CPU
		{ECCA76B6-8D5C-4CE9-B3C8-5F8050DF2883}.AppStore|iPhoneSimulator.Build.0 = Debug|Any CPU
		{ECCA76B6-8D5C-4CE9-B3C8-5F8050DF2883}.AppStore|x64.ActiveCfg = Debug|Any CPU
		{ECCA76B6-8D5C-4CE9-B3C8-5F8050DF2883}.AppStore|x64.Build.0 = Debug|Any CPU
		{ECCA76B6-8D5C-4CE9-B3C8-5F8050DF2883}.AppStore|x86.ActiveCfg = Debug|Any CPU
		{ECCA76B6-8D5C-4CE9-B3C8-5F8050DF2883}.AppStore|x86.Build.0 = Debug|Any CPU
		{ECCA76B6-8D5C-4CE9-B3C8-5F8050DF2883}.Debug|Any CPU.ActiveCfg = Debug|Any CPU
		{ECCA76B6-8D5C-4CE9-B3C8-5F8050DF2883}.Debug|Any CPU.Build.0 = Debug|Any CPU
		{ECCA76B6-8D5C-4CE9-B3C8-5F8050DF2883}.Debug|ARM.ActiveCfg = Debug|Any CPU
		{ECCA76B6-8D5C-4CE9-B3C8-5F8050DF2883}.Debug|ARM.Build.0 = Debug|Any CPU
		{ECCA76B6-8D5C-4CE9-B3C8-5F8050DF2883}.Debug|iPhone.ActiveCfg = Debug|Any CPU
		{ECCA76B6-8D5C-4CE9-B3C8-5F8050DF2883}.Debug|iPhone.Build.0 = Debug|Any CPU
		{ECCA76B6-8D5C-4CE9-B3C8-5F8050DF2883}.Debug|iPhoneSimulator.ActiveCfg = Debug|Any CPU
		{ECCA76B6-8D5C-4CE9-B3C8-5F8050DF2883}.Debug|iPhoneSimulator.Build.0 = Debug|Any CPU
		{ECCA76B6-8D5C-4CE9-B3C8-5F8050DF2883}.Debug|x64.ActiveCfg = Debug|Any CPU
		{ECCA76B6-8D5C-4CE9-B3C8-5F8050DF2883}.Debug|x64.Build.0 = Debug|Any CPU
		{ECCA76B6-8D5C-4CE9-B3C8-5F8050DF2883}.Debug|x86.ActiveCfg = Debug|Any CPU
		{ECCA76B6-8D5C-4CE9-B3C8-5F8050DF2883}.Debug|x86.Build.0 = Debug|Any CPU
		{ECCA76B6-8D5C-4CE9-B3C8-5F8050DF2883}.Release|Any CPU.ActiveCfg = Release|Any CPU
		{ECCA76B6-8D5C-4CE9-B3C8-5F8050DF2883}.Release|Any CPU.Build.0 = Release|Any CPU
		{ECCA76B6-8D5C-4CE9-B3C8-5F8050DF2883}.Release|ARM.ActiveCfg = Release|Any CPU
		{ECCA76B6-8D5C-4CE9-B3C8-5F8050DF2883}.Release|ARM.Build.0 = Release|Any CPU
		{ECCA76B6-8D5C-4CE9-B3C8-5F8050DF2883}.Release|iPhone.ActiveCfg = Release|Any CPU
		{ECCA76B6-8D5C-4CE9-B3C8-5F8050DF2883}.Release|iPhone.Build.0 = Release|Any CPU
		{ECCA76B6-8D5C-4CE9-B3C8-5F8050DF2883}.Release|iPhoneSimulator.ActiveCfg = Release|Any CPU
		{ECCA76B6-8D5C-4CE9-B3C8-5F8050DF2883}.Release|iPhoneSimulator.Build.0 = Release|Any CPU
		{ECCA76B6-8D5C-4CE9-B3C8-5F8050DF2883}.Release|x64.ActiveCfg = Release|Any CPU
		{ECCA76B6-8D5C-4CE9-B3C8-5F8050DF2883}.Release|x64.Build.0 = Release|Any CPU
		{ECCA76B6-8D5C-4CE9-B3C8-5F8050DF2883}.Release|x86.ActiveCfg = Release|Any CPU
		{ECCA76B6-8D5C-4CE9-B3C8-5F8050DF2883}.Release|x86.Build.0 = Release|Any CPU
	EndGlobalSection
	GlobalSection(SolutionProperties) = preSolution
		HideSolutionNode = FALSE
	EndGlobalSection
	GlobalSection(ExtensibilityGlobals) = postSolution
		SolutionGuid = {242336C7-C570-46B1-8EF2-395B23215BC4}
	EndGlobalSection
EndGlobal
